
Microsoft Visual Studio Solution File, Format Version 12.00
# Visual Studio Version 17
VisualStudioVersion = 17.1.32203.90
MinimumVisualStudioVersion = 10.0.40219.1
Project("{F184B08F-C81C-45F6-A57F-5ABD9991F28F}") = "MSImaging_net48", "src\MSImaging_net48.vbproj", "{A2130297-2B4A-4B02-80B2-5CFA860F6DAE}"
EndProject
Global
	GlobalSection(SolutionConfigurationPlatforms) = preSolution
		BioDeep_database|Any CPU = BioDeep_database|Any CPU
		BioDeep_database|x64 = BioDeep_database|x64
		BioDeep_database|x86 = BioDeep_database|x86
		Biodeep_UNIX_x64|Any CPU = Biodeep_UNIX_x64|Any CPU
		Biodeep_UNIX_x64|x64 = Biodeep_UNIX_x64|x64
		Biodeep_UNIX_x64|x86 = Biodeep_UNIX_x64|x86
		Biodeep|Any CPU = Biodeep|Any CPU
		Biodeep|x64 = Biodeep|x64
		Biodeep|x86 = Biodeep|x86
		Biostack|Any CPU = Biostack|Any CPU
		Biostack|x64 = Biostack|x64
		Biostack|x86 = Biostack|x86
		Debug|Any CPU = Debug|Any CPU
		Debug|x64 = Debug|x64
		Debug|x86 = Debug|x86
		LipidSearch|Any CPU = LipidSearch|Any CPU
		LipidSearch|x64 = LipidSearch|x64
		LipidSearch|x86 = LipidSearch|x86
		MetaCardio|Any CPU = MetaCardio|Any CPU
		MetaCardio|x64 = MetaCardio|x64
		MetaCardio|x86 = MetaCardio|x86
		mzkit_UnixDocker|Any CPU = mzkit_UnixDocker|Any CPU
		mzkit_UnixDocker|x64 = mzkit_UnixDocker|x64
		mzkit_UnixDocker|x86 = mzkit_UnixDocker|x86
		mzkit|Any CPU = mzkit|Any CPU
		mzkit|x64 = mzkit|x64
		mzkit|x86 = mzkit|x86
		PlantMAT|Any CPU = PlantMAT|Any CPU
		PlantMAT|x64 = PlantMAT|x64
		PlantMAT|x86 = PlantMAT|x86
		Publish|Any CPU = Publish|Any CPU
		Publish|x64 = Publish|x64
		Publish|x86 = Publish|x86
		Release|Any CPU = Release|Any CPU
		Release|x64 = Release|x64
		Release|x86 = Release|x86
		Rsharp_app_release|Any CPU = Rsharp_app_release|Any CPU
		Rsharp_app_release|x64 = Rsharp_app_release|x64
		Rsharp_app_release|x86 = Rsharp_app_release|x86
	EndGlobalSection
	GlobalSection(ProjectConfigurationPlatforms) = postSolution
		{A2130297-2B4A-4B02-80B2-5CFA860F6DAE}.BioDeep_database|Any CPU.ActiveCfg = BioDeep_database|Any CPU
		{A2130297-2B4A-4B02-80B2-5CFA860F6DAE}.BioDeep_database|Any CPU.Build.0 = BioDeep_database|Any CPU
		{A2130297-2B4A-4B02-80B2-5CFA860F6DAE}.BioDeep_database|x64.ActiveCfg = BioDeep_database|x64
		{A2130297-2B4A-4B02-80B2-5CFA860F6DAE}.BioDeep_database|x64.Build.0 = BioDeep_database|x64
		{A2130297-2B4A-4B02-80B2-5CFA860F6DAE}.BioDeep_database|x86.ActiveCfg = BioDeep_database|x86
		{A2130297-2B4A-4B02-80B2-5CFA860F6DAE}.BioDeep_database|x86.Build.0 = BioDeep_database|x86
		{A2130297-2B4A-4B02-80B2-5CFA860F6DAE}.Biodeep_UNIX_x64|Any CPU.ActiveCfg = Biodeep_UNIX_x64|Any CPU
		{A2130297-2B4A-4B02-80B2-5CFA860F6DAE}.Biodeep_UNIX_x64|Any CPU.Build.0 = Biodeep_UNIX_x64|Any CPU
		{A2130297-2B4A-4B02-80B2-5CFA860F6DAE}.Biodeep_UNIX_x64|x64.ActiveCfg = Biodeep_UNIX_x64|x64
		{A2130297-2B4A-4B02-80B2-5CFA860F6DAE}.Biodeep_UNIX_x64|x64.Build.0 = Biodeep_UNIX_x64|x64
		{A2130297-2B4A-4B02-80B2-5CFA860F6DAE}.Biodeep_UNIX_x64|x86.ActiveCfg = Biodeep_UNIX_x64|x86
		{A2130297-2B4A-4B02-80B2-5CFA860F6DAE}.Biodeep_UNIX_x64|x86.Build.0 = Biodeep_UNIX_x64|x86
		{A2130297-2B4A-4B02-80B2-5CFA860F6DAE}.Biodeep|Any CPU.ActiveCfg = Biodeep|Any CPU
		{A2130297-2B4A-4B02-80B2-5CFA860F6DAE}.Biodeep|Any CPU.Build.0 = Biodeep|Any CPU
		{A2130297-2B4A-4B02-80B2-5CFA860F6DAE}.Biodeep|x64.ActiveCfg = Biodeep|x64
		{A2130297-2B4A-4B02-80B2-5CFA860F6DAE}.Biodeep|x64.Build.0 = Biodeep|x64
		{A2130297-2B4A-4B02-80B2-5CFA860F6DAE}.Biodeep|x86.ActiveCfg = Biodeep|x86
		{A2130297-2B4A-4B02-80B2-5CFA860F6DAE}.Biodeep|x86.Build.0 = Biodeep|x86
		{A2130297-2B4A-4B02-80B2-5CFA860F6DAE}.Biostack|Any CPU.ActiveCfg = Biostack|Any CPU
		{A2130297-2B4A-4B02-80B2-5CFA860F6DAE}.Biostack|Any CPU.Build.0 = Biostack|Any CPU
		{A2130297-2B4A-4B02-80B2-5CFA860F6DAE}.Biostack|x64.ActiveCfg = Biostack|x64
		{A2130297-2B4A-4B02-80B2-5CFA860F6DAE}.Biostack|x64.Build.0 = Biostack|x64
		{A2130297-2B4A-4B02-80B2-5CFA860F6DAE}.Biostack|x86.ActiveCfg = Biostack|x86
		{A2130297-2B4A-4B02-80B2-5CFA860F6DAE}.Biostack|x86.Build.0 = Biostack|x86
		{A2130297-2B4A-4B02-80B2-5CFA860F6DAE}.Debug|Any CPU.ActiveCfg = Debug|Any CPU
		{A2130297-2B4A-4B02-80B2-5CFA860F6DAE}.Debug|Any CPU.Build.0 = Debug|Any CPU
		{A2130297-2B4A-4B02-80B2-5CFA860F6DAE}.Debug|x64.ActiveCfg = Debug|x64
		{A2130297-2B4A-4B02-80B2-5CFA860F6DAE}.Debug|x64.Build.0 = Debug|x64
		{A2130297-2B4A-4B02-80B2-5CFA860F6DAE}.Debug|x86.ActiveCfg = Debug|x86
		{A2130297-2B4A-4B02-80B2-5CFA860F6DAE}.Debug|x86.Build.0 = Debug|x86
		{A2130297-2B4A-4B02-80B2-5CFA860F6DAE}.LipidSearch|Any CPU.ActiveCfg = LipidSearch|Any CPU
		{A2130297-2B4A-4B02-80B2-5CFA860F6DAE}.LipidSearch|Any CPU.Build.0 = LipidSearch|Any CPU
		{A2130297-2B4A-4B02-80B2-5CFA860F6DAE}.LipidSearch|x64.ActiveCfg = LipidSearch|x64
		{A2130297-2B4A-4B02-80B2-5CFA860F6DAE}.LipidSearch|x64.Build.0 = LipidSearch|x64
		{A2130297-2B4A-4B02-80B2-5CFA860F6DAE}.LipidSearch|x86.ActiveCfg = LipidSearch|x86
		{A2130297-2B4A-4B02-80B2-5CFA860F6DAE}.LipidSearch|x86.Build.0 = LipidSearch|x86
		{A2130297-2B4A-4B02-80B2-5CFA860F6DAE}.MetaCardio|Any CPU.ActiveCfg = MetaCardio|Any CPU
		{A2130297-2B4A-4B02-80B2-5CFA860F6DAE}.MetaCardio|Any CPU.Build.0 = MetaCardio|Any CPU
		{A2130297-2B4A-4B02-80B2-5CFA860F6DAE}.MetaCardio|x64.ActiveCfg = MetaCardio|x64
		{A2130297-2B4A-4B02-80B2-5CFA860F6DAE}.MetaCardio|x64.Build.0 = MetaCardio|x64
		{A2130297-2B4A-4B02-80B2-5CFA860F6DAE}.MetaCardio|x86.ActiveCfg = MetaCardio|x86
		{A2130297-2B4A-4B02-80B2-5CFA860F6DAE}.MetaCardio|x86.Build.0 = MetaCardio|x86
		{A2130297-2B4A-4B02-80B2-5CFA860F6DAE}.mzkit_UnixDocker|Any CPU.ActiveCfg = mzkit_UnixDocker|Any CPU
		{A2130297-2B4A-4B02-80B2-5CFA860F6DAE}.mzkit_UnixDocker|Any CPU.Build.0 = mzkit_UnixDocker|Any CPU
		{A2130297-2B4A-4B02-80B2-5CFA860F6DAE}.mzkit_UnixDocker|x64.ActiveCfg = mzkit_UnixDocker|x64
		{A2130297-2B4A-4B02-80B2-5CFA860F6DAE}.mzkit_UnixDocker|x64.Build.0 = mzkit_UnixDocker|x64
		{A2130297-2B4A-4B02-80B2-5CFA860F6DAE}.mzkit_UnixDocker|x86.ActiveCfg = mzkit_UnixDocker|x86
		{A2130297-2B4A-4B02-80B2-5CFA860F6DAE}.mzkit_UnixDocker|x86.Build.0 = mzkit_UnixDocker|x86
		{A2130297-2B4A-4B02-80B2-5CFA860F6DAE}.mzkit|Any CPU.ActiveCfg = mzkit|Any CPU
		{A2130297-2B4A-4B02-80B2-5CFA860F6DAE}.mzkit|Any CPU.Build.0 = mzkit|Any CPU
		{A2130297-2B4A-4B02-80B2-5CFA860F6DAE}.mzkit|x64.ActiveCfg = mzkit|x64
		{A2130297-2B4A-4B02-80B2-5CFA860F6DAE}.mzkit|x64.Build.0 = mzkit|x64
		{A2130297-2B4A-4B02-80B2-5CFA860F6DAE}.mzkit|x86.ActiveCfg = mzkit|x86
		{A2130297-2B4A-4B02-80B2-5CFA860F6DAE}.mzkit|x86.Build.0 = mzkit|x86
		{A2130297-2B4A-4B02-80B2-5CFA860F6DAE}.PlantMAT|Any CPU.ActiveCfg = PlantMAT|Any CPU
		{A2130297-2B4A-4B02-80B2-5CFA860F6DAE}.PlantMAT|Any CPU.Build.0 = PlantMAT|Any CPU
		{A2130297-2B4A-4B02-80B2-5CFA860F6DAE}.PlantMAT|x64.ActiveCfg = PlantMAT|x64
		{A2130297-2B4A-4B02-80B2-5CFA860F6DAE}.PlantMAT|x64.Build.0 = PlantMAT|x64
		{A2130297-2B4A-4B02-80B2-5CFA860F6DAE}.PlantMAT|x86.ActiveCfg = PlantMAT|x86
		{A2130297-2B4A-4B02-80B2-5CFA860F6DAE}.PlantMAT|x86.Build.0 = PlantMAT|x86
		{A2130297-2B4A-4B02-80B2-5CFA860F6DAE}.Publish|Any CPU.ActiveCfg = Publish|Any CPU
		{A2130297-2B4A-4B02-80B2-5CFA860F6DAE}.Publish|Any CPU.Build.0 = Publish|Any CPU
		{A2130297-2B4A-4B02-80B2-5CFA860F6DAE}.Publish|x64.ActiveCfg = Publish|x64
		{A2130297-2B4A-4B02-80B2-5CFA860F6DAE}.Publish|x64.Build.0 = Publish|x64
		{A2130297-2B4A-4B02-80B2-5CFA860F6DAE}.Publish|x86.ActiveCfg = Publish|x86
		{A2130297-2B4A-4B02-80B2-5CFA860F6DAE}.Publish|x86.Build.0 = Publish|x86
		{A2130297-2B4A-4B02-80B2-5CFA860F6DAE}.Release|Any CPU.ActiveCfg = Release|Any CPU
		{A2130297-2B4A-4B02-80B2-5CFA860F6DAE}.Release|Any CPU.Build.0 = Release|Any CPU
		{A2130297-2B4A-4B02-80B2-5CFA860F6DAE}.Release|x64.ActiveCfg = Release|x64
		{A2130297-2B4A-4B02-80B2-5CFA860F6DAE}.Release|x64.Build.0 = Release|x64
		{A2130297-2B4A-4B02-80B2-5CFA860F6DAE}.Release|x86.ActiveCfg = Release|x86
		{A2130297-2B4A-4B02-80B2-5CFA860F6DAE}.Release|x86.Build.0 = Release|x86
		{A2130297-2B4A-4B02-80B2-5CFA860F6DAE}.Rsharp_app_release|Any CPU.ActiveCfg = Rsharp_app_release|Any CPU
		{A2130297-2B4A-4B02-80B2-5CFA860F6DAE}.Rsharp_app_release|Any CPU.Build.0 = Rsharp_app_release|Any CPU
		{A2130297-2B4A-4B02-80B2-5CFA860F6DAE}.Rsharp_app_release|x64.ActiveCfg = Rsharp_app_release|x64
		{A2130297-2B4A-4B02-80B2-5CFA860F6DAE}.Rsharp_app_release|x64.Build.0 = Rsharp_app_release|x64
		{A2130297-2B4A-4B02-80B2-5CFA860F6DAE}.Rsharp_app_release|x86.ActiveCfg = Rsharp_app_release|x86
		{A2130297-2B4A-4B02-80B2-5CFA860F6DAE}.Rsharp_app_release|x86.Build.0 = Rsharp_app_release|x86
	EndGlobalSection
	GlobalSection(SolutionProperties) = preSolution
		HideSolutionNode = FALSE
	EndGlobalSection
	GlobalSection(ExtensibilityGlobals) = postSolution
		SolutionGuid = {A02F3656-0BF6-43C9-8DEA-59258180FA11}
	EndGlobalSection
EndGlobal
